
Microsoft Visual Studio Solution File, Format Version 12.00
# Visual Studio Version 17
VisualStudioVersion = 17.7.34221.43
MinimumVisualStudioVersion = 10.0.40219.1
Project("{9A19103F-16F7-4668-BE54-9A1E7A4F7556}") = "Mytask.API", "Services\Mytask\Mytask.API\Mytask.API.csproj", "{5628C50C-1FAE-464E-91AD-4641D1027F77}"
EndProject
Project("{9A19103F-16F7-4668-BE54-9A1E7A4F7556}") = "Mytask.UnitTests", "Services\Mytask\Mytask.UnitTests\Mytask.UnitTests.csproj", "{390379B2-85BB-4626-89F4-8E9DB8853CEB}"
EndProject
Project("{9A19103F-16F7-4668-BE54-9A1E7A4F7556}") = "Mytask.IntegrationTests", "Services\Mytask\Mytask.IntegrationTests\Mytask.IntegrationTests.csproj", "{17B0E2DC-2D92-4F8A-AE9B-243E94B7A0CC}"
EndProject
Project("{2150E333-8FDC-42A3-9474-1A3956D46DE8}") = "Services", "Services", "{8194A3F3-8371-4505-B7FB-AC375E815F70}"
EndProject
Project("{2150E333-8FDC-42A3-9474-1A3956D46DE8}") = "Calendar", "Calendar", "{2A8B4940-C431-4E24-94D1-661F34B3A5BC}"
EndProject
Project("{9A19103F-16F7-4668-BE54-9A1E7A4F7556}") = "Calendar.API", "Services\Calendar\Calendar.API\Calendar.API.csproj", "{5072D647-20EA-452F-AA01-D46544F7A18D}"
EndProject
Project("{2150E333-8FDC-42A3-9474-1A3956D46DE8}") = "Mytask", "Mytask", "{BB6C2211-8B81-47CB-9C80-C1176681F668}"
EndProject
Project("{2150E333-8FDC-42A3-9474-1A3956D46DE8}") = "Элементы решения", "Элементы решения", "{9A5055BE-8397-4A5F-8986-E380C25B733E}"
	ProjectSection(SolutionItems) = preProject
		docker-compose.yml = docker-compose.yml
	EndProjectSection
EndProject
Project("{2150E333-8FDC-42A3-9474-1A3956D46DE8}") = "ApiGateways", "ApiGateways", "{59BEFF25-8C5C-4DA4-BA35-213727CB66C3}"
EndProject
Project("{9A19103F-16F7-4668-BE54-9A1E7A4F7556}") = "Web.Bff.Aggregator", "ApiGateways\Web.Bff.Aggregator\Web.Bff.Aggregator.csproj", "{CB21188F-5B53-4EA5-9D77-E7C2B4DEC1BE}"
EndProject
Global
	GlobalSection(SolutionConfigurationPlatforms) = preSolution
		Debug|Any CPU = Debug|Any CPU
		Release|Any CPU = Release|Any CPU
	EndGlobalSection
	GlobalSection(ProjectConfigurationPlatforms) = postSolution
		{5628C50C-1FAE-464E-91AD-4641D1027F77}.Debug|Any CPU.ActiveCfg = Debug|Any CPU
		{5628C50C-1FAE-464E-91AD-4641D1027F77}.Debug|Any CPU.Build.0 = Debug|Any CPU
		{5628C50C-1FAE-464E-91AD-4641D1027F77}.Release|Any CPU.ActiveCfg = Release|Any CPU
		{5628C50C-1FAE-464E-91AD-4641D1027F77}.Release|Any CPU.Build.0 = Release|Any CPU
		{390379B2-85BB-4626-89F4-8E9DB8853CEB}.Debug|Any CPU.ActiveCfg = Debug|Any CPU
		{390379B2-85BB-4626-89F4-8E9DB8853CEB}.Debug|Any CPU.Build.0 = Debug|Any CPU
		{390379B2-85BB-4626-89F4-8E9DB8853CEB}.Release|Any CPU.ActiveCfg = Release|Any CPU
		{390379B2-85BB-4626-89F4-8E9DB8853CEB}.Release|Any CPU.Build.0 = Release|Any CPU
		{17B0E2DC-2D92-4F8A-AE9B-243E94B7A0CC}.Debug|Any CPU.ActiveCfg = Debug|Any CPU
		{17B0E2DC-2D92-4F8A-AE9B-243E94B7A0CC}.Debug|Any CPU.Build.0 = Debug|Any CPU
		{17B0E2DC-2D92-4F8A-AE9B-243E94B7A0CC}.Release|Any CPU.ActiveCfg = Release|Any CPU
		{17B0E2DC-2D92-4F8A-AE9B-243E94B7A0CC}.Release|Any CPU.Build.0 = Release|Any CPU
		{5072D647-20EA-452F-AA01-D46544F7A18D}.Debug|Any CPU.ActiveCfg = Debug|Any CPU
		{5072D647-20EA-452F-AA01-D46544F7A18D}.Debug|Any CPU.Build.0 = Debug|Any CPU
		{5072D647-20EA-452F-AA01-D46544F7A18D}.Release|Any CPU.ActiveCfg = Release|Any CPU
		{5072D647-20EA-452F-AA01-D46544F7A18D}.Release|Any CPU.Build.0 = Release|Any CPU
		{CB21188F-5B53-4EA5-9D77-E7C2B4DEC1BE}.Debug|Any CPU.ActiveCfg = Debug|Any CPU
		{CB21188F-5B53-4EA5-9D77-E7C2B4DEC1BE}.Debug|Any CPU.Build.0 = Debug|Any CPU
		{CB21188F-5B53-4EA5-9D77-E7C2B4DEC1BE}.Release|Any CPU.ActiveCfg = Release|Any CPU
		{CB21188F-5B53-4EA5-9D77-E7C2B4DEC1BE}.Release|Any CPU.Build.0 = Release|Any CPU
	EndGlobalSection
	GlobalSection(SolutionProperties) = preSolution
		HideSolutionNode = FALSE
	EndGlobalSection
	GlobalSection(NestedProjects) = preSolution
		{5628C50C-1FAE-464E-91AD-4641D1027F77} = {BB6C2211-8B81-47CB-9C80-C1176681F668}
		{390379B2-85BB-4626-89F4-8E9DB8853CEB} = {BB6C2211-8B81-47CB-9C80-C1176681F668}
		{17B0E2DC-2D92-4F8A-AE9B-243E94B7A0CC} = {BB6C2211-8B81-47CB-9C80-C1176681F668}
		{2A8B4940-C431-4E24-94D1-661F34B3A5BC} = {8194A3F3-8371-4505-B7FB-AC375E815F70}
		{5072D647-20EA-452F-AA01-D46544F7A18D} = {2A8B4940-C431-4E24-94D1-661F34B3A5BC}
		{BB6C2211-8B81-47CB-9C80-C1176681F668} = {8194A3F3-8371-4505-B7FB-AC375E815F70}
		{CB21188F-5B53-4EA5-9D77-E7C2B4DEC1BE} = {59BEFF25-8C5C-4DA4-BA35-213727CB66C3}
	EndGlobalSection
	GlobalSection(ExtensibilityGlobals) = postSolution
		SolutionGuid = {8EC4FFF7-56DD-4F88-B919-5F287B1A5D39}
	EndGlobalSection
EndGlobal
